// !$*UTF8*$!
{
	archiveVersion = 1;
	classes = {
	};
	objectVersion = 46;
	objects = {

/* Begin PBXBuildFile section */
		F0DB422B1F1D4775000EF145 /* AppDelegate.swift in Sources */ = {isa = PBXBuildFile; fileRef = F0DB422A1F1D4775000EF145 /* AppDelegate.swift */; };
		F0DB422D1F1D4775000EF145 /* ViewController.swift in Sources */ = {isa = PBXBuildFile; fileRef = F0DB422C1F1D4775000EF145 /* ViewController.swift */; };
		F0DB42301F1D4775000EF145 /* Main.storyboard in Resources */ = {isa = PBXBuildFile; fileRef = F0DB422E1F1D4775000EF145 /* Main.storyboard */; };
		F0DB42321F1D4775000EF145 /* Assets.xcassets in Resources */ = {isa = PBXBuildFile; fileRef = F0DB42311F1D4775000EF145 /* Assets.xcassets */; };
		F0DB42351F1D4775000EF145 /* LaunchScreen.storyboard in Resources */ = {isa = PBXBuildFile; fileRef = F0DB42331F1D4775000EF145 /* LaunchScreen.storyboard */; };
/* End PBXBuildFile section */

/* Begin PBXFileReference section */
		F0DB42271F1D4775000EF145 /* TapIn.app */ = {isa = PBXFileReference; explicitFileType = wrapper.application; includeInIndex = 0; path = TapIn.app; sourceTree = BUILT_PRODUCTS_DIR; };
		F0DB422A1F1D4775000EF145 /* AppDelegate.swift */ = {isa = PBXFileReference; lastKnownFileType = sourcecode.swift; path = AppDelegate.swift; sourceTree = "<group>"; };
		F0DB422C1F1D4775000EF145 /* ViewController.swift */ = {isa = PBXFileReference; lastKnownFileType = sourcecode.swift; path = ViewController.swift; sourceTree = "<group>"; };
		F0DB422F1F1D4775000EF145 /* Base */ = {isa = PBXFileReference; lastKnownFileType = file.storyboard; name = Base; path = Base.lproj/Main.storyboard; sourceTree = "<group>"; };
		F0DB42311F1D4775000EF145 /* Assets.xcassets */ = {isa = PBXFileReference; lastKnownFileType = folder.assetcatalog; path = Assets.xcassets; sourceTree = "<group>"; };
		F0DB42341F1D4775000EF145 /* Base */ = {isa = PBXFileReference; lastKnownFileType = file.storyboard; name = Base; path = Base.lproj/LaunchScreen.storyboard; sourceTree = "<group>"; };
		F0DB42361F1D4775000EF145 /* Info.plist */ = {isa = PBXFileReference; lastKnownFileType = text.plist.xml; path = Info.plist; sourceTree = "<group>"; };
/* End PBXFileReference section */

/* Begin PBXFrameworksBuildPhase section */
		F0DB42241F1D4775000EF145 /* Frameworks */ = {
			isa = PBXFrameworksBuildPhase;
			buildActionMask = 2147483647;
			files = (
			);
			runOnlyForDeploymentPostprocessing = 0;
		};
/* End PBXFrameworksBuildPhase section */

/* Begin PBXGroup section */
		F0DB421E1F1D4775000EF145 = {
			isa = PBXGroup;
			children = (
				F0DB42291F1D4775000EF145 /* TapIn */,
				F0DB42281F1D4775000EF145 /* Products */,
			);
			sourceTree = "<group>";
		};
		F0DB42281F1D4775000EF145 /* Products */ = {
			isa = PBXGroup;
			children = (
				F0DB42271F1D4775000EF145 /* TapIn.app */,
			);
			name = Products;
			sourceTree = "<group>";
		};
		F0DB42291F1D4775000EF145 /* TapIn */ = {
			isa = PBXGroup;
			children = (
				F0DB422A1F1D4775000EF145 /* AppDelegate.swift */,
				F0DB422C1F1D4775000EF145 /* ViewController.swift */,
				F0DB422E1F1D4775000EF145 /* Main.storyboard */,
				F0DB42311F1D4775000EF145 /* Assets.xcassets */,
				F0DB42331F1D4775000EF145 /* LaunchScreen.storyboard */,
				F0DB42361F1D4775000EF145 /* Info.plist */,
			);
			path = TapIn;
			sourceTree = "<group>";
		};
/* End PBXGroup section */

/* Begin PBXNativeTarget section */
		F0DB42261F1D4775000EF145 /* TapIn */ = {
			isa = PBXNativeTarget;
			buildConfigurationList = F0DB42391F1D4775000EF145 /* Build configuration list for PBXNativeTarget "TapIn" */;
			buildPhases = (
				F0DB42231F1D4775000EF145 /* Sources */,
				F0DB42241F1D4775000EF145 /* Frameworks */,
				F0DB42251F1D4775000EF145 /* Resources */,
			);
			buildRules = (
			);
			dependencies = (
			);
			name = TapIn;
			productName = TapIn;
			productReference = F0DB42271F1D4775000EF145 /* TapIn.app */;
			productType = "com.apple.product-type.application";
		};
/* End PBXNativeTarget section */

/* Begin PBXProject section */
		F0DB421F1F1D4775000EF145 /* Project object */ = {
			isa = PBXProject;
			attributes = {
				LastSwiftUpdateCheck = 0830;
				LastUpgradeCheck = 0830;
				ORGANIZATIONNAME = "James Daubert";
				TargetAttributes = {
					F0DB42261F1D4775000EF145 = {
						CreatedOnToolsVersion = 8.3.3;
						DevelopmentTeam = P877U5SDZ6;
						ProvisioningStyle = Automatic;
					};
				};
			};
			buildConfigurationList = F0DB42221F1D4775000EF145 /* Build configuration list for PBXProject "TapIn" */;
			compatibilityVersion = "Xcode 3.2";
			developmentRegion = English;
			hasScannedForEncodings = 0;
			knownRegions = (
				en,
				Base,
			);
			mainGroup = F0DB421E1F1D4775000EF145;
			productRefGroup = F0DB42281F1D4775000EF145 /* Products */;
			projectDirPath = "";
			projectRoot = "";
			targets = (
				F0DB42261F1D4775000EF145 /* TapIn */,
			);
		};
/* End PBXProject section */

/* Begin PBXResourcesBuildPhase section */
		F0DB42251F1D4775000EF145 /* Resources */ = {
			isa = PBXResourcesBuildPhase;
			buildActionMask = 2147483647;
			files = (
				F0DB42351F1D4775000EF145 /* LaunchScreen.storyboard in Resources */,
				F0DB42321F1D4775000EF145 /* Assets.xcassets in Resources */,
				F0DB42301F1D4775000EF145 /* Main.storyboard in Resources */,
			);
			runOnlyForDeploymentPostprocessing = 0;
		};
/* End PBXResourcesBuildPhase section */

/* Begin PBXSourcesBuildPhase section */
		F0DB42231F1D4775000EF145 /* Sources */ = {
			isa = PBXSourcesBuildPhase;
			buildActionMask = 2147483647;
			files = (
				F0DB422D1F1D4775000EF145 /* ViewController.swift in Sources */,
				F0DB422B1F1D4775000EF145 /* AppDelegate.swift in Sources */,
			);
			runOnlyForDeploymentPostprocessing = 0;
		};
/* End PBXSourcesBuildPhase section */

/* Begin PBXVariantGroup section */
		F0DB422E1F1D4775000EF145 /* Main.storyboard */ = {
			isa = PBXVariantGroup;
			children = (
				F0DB422F1F1D4775000EF145 /* Base */,
			);
			name = Main.storyboard;
			sourceTree = "<group>";
		};
		F0DB42331F1D4775000EF145 /* LaunchScreen.storyboard */ = {
			isa = PBXVariantGroup;
			children = (
				F0DB42341F1D4775000EF145 /* Base */,
			);
			name = LaunchScreen.storyboard;
			sourceTree = "<group>";
		};
/* End PBXVariantGroup section */

/* Begin XCBuildConfiguration section */
		F0DB42371F1D4775000EF145 /* Debug */ = {
			isa = XCBuildConfiguration;
			buildSettings = {
				ALWAYS_SEARCH_USER_PATHS = NO;
				CLANG_ANALYZER_NONNULL = YES;
				CLANG_ANALYZER_NUMBER_OBJECT_CONVERSION = YES_AGGRESSIVE;
				CLANG_CXX_LANGUAGE_STANDARD = "gnu++0x";
				CLANG_CXX_LIBRARY = "libc++";
				CLANG_ENABLE_MODULES = YES;
				CLANG_ENABLE_OBJC_ARC = YES;
				CLANG_WARN_BOOL_CONVERSION = YES;
				CLANG_WARN_CONSTANT_CONVERSION = YES;
				CLANG_WARN_DIRECT_OBJC_ISA_USAGE = YES_ERROR;
				CLANG_WARN_DOCUMENTATION_COMMENTS = YES;
				CLANG_WARN_EMPTY_BODY = YES;
				CLANG_WARN_ENUM_CONVERSION = YES;
				CLANG_WARN_INFINITE_RECURSION = YES;
				CLANG_WARN_INT_CONVERSION = YES;
				CLANG_WARN_OBJC_ROOT_CLASS = YES_ERROR;
				CLANG_WARN_SUSPICIOUS_MOVE = YES;
				CLANG_WARN_UNREACHABLE_CODE = YES;
				CLANG_WARN__DUPLICATE_METHOD_MATCH = YES;
				"CODE_SIGN_IDENTITY[sdk=iphoneos*]" = "iPhone Developer";
				COPY_PHASE_STRIP = NO;
				DEBUG_INFORMATION_FORMAT = dwarf;
				ENABLE_STRICT_OBJC_MSGSEND = YES;
				ENABLE_TESTABILITY = YES;
				GCC_C_LANGUAGE_STANDARD = gnu99;
				GCC_DYNAMIC_NO_PIC = NO;
				GCC_NO_COMMON_BLOCKS = YES;
				GCC_OPTIMIZATION_LEVEL = 0;
				GCC_PREPROCESSOR_DEFINITIONS = (
					"DEBUG=1",
					"$(inherited)",
				);
				GCC_WARN_64_TO_32_BIT_CONVERSION = YES;
				GCC_WARN_ABOUT_RETURN_TYPE = YES_ERROR;
				GCC_WARN_UNDECLARED_SELECTOR = YES;
				GCC_WARN_UNINITIALIZED_AUTOS = YES_AGGRESSIVE;
				GCC_WARN_UNUSED_FUNCTION = YES;
				GCC_WARN_UNUSED_VARIABLE = YES;
				IPHONEOS_DEPLOYMENT_TARGET = 10.3;
				MTL_ENABLE_DEBUG_INFO = YES;
				ONLY_ACTIVE_ARCH = YES;
				SDKROOT = iphoneos;
				SWIFT_ACTIVE_COMPILATION_CONDITIONS = DEBUG;
				SWIFT_OPTIMIZATION_LEVEL = "-Onone";
				TARGETED_DEVICE_FAMILY = "1,2";
			};
			name = Debug;
		};
		F0DB42381F1D4775000EF145 /* Release */ = {
			isa = XCBuildConfiguration;
			buildSettings = {
				ALWAYS_SEARCH_USER_PATHS = NO;
				CLANG_ANALYZER_NONNULL = YES;
				CLANG_ANALYZER_NUMBER_OBJECT_CONVERSION = YES_AGGRESSIVE;
				CLANG_CXX_LANGUAGE_STANDARD = "gnu++0x";
				CLANG_CXX_LIBRARY = "libc++";
				CLANG_ENABLE_MODULES = YES;
				CLANG_ENABLE_OBJC_ARC = YES;
				CLANG_WARN_BOOL_CONVERSION = YES;
				CLANG_WARN_CONSTANT_CONVERSION = YES;
				CLANG_WARN_DIRECT_OBJC_ISA_USAGE = YES_ERROR;
				CLANG_WARN_DOCUMENTATION_COMMENTS = YES;
				CLANG_WARN_EMPTY_BODY = YES;
				CLANG_WARN_ENUM_CONVERSION = YES;
				CLANG_WARN_INFINITE_RECURSION = YES;
				CLANG_WARN_INT_CONVERSION = YES;
				CLANG_WARN_OBJC_ROOT_CLASS = YES_ERROR;
				CLANG_WARN_SUSPICIOUS_MOVE = YES;
				CLANG_WARN_UNREACHABLE_CODE = YES;
				CLANG_WARN__DUPLICATE_METHOD_MATCH = YES;
				"CODE_SIGN_IDENTITY[sdk=iphoneos*]" = "iPhone Developer";
				COPY_PHASE_STRIP = NO;
				DEBUG_INFORMATION_FORMAT = "dwarf-with-dsym";
				ENABLE_NS_ASSERTIONS = NO;
				ENABLE_STRICT_OBJC_MSGSEND = YES;
				GCC_C_LANGUAGE_STANDARD = gnu99;
				GCC_NO_COMMON_BLOCKS = YES;
				GCC_WARN_64_TO_32_BIT_CONVERSION = YES;
				GCC_WARN_ABOUT_RETURN_TYPE = YES_ERROR;
				GCC_WARN_UNDECLARED_SELECTOR = YES;
				GCC_WARN_UNINITIALIZED_AUTOS = YES_AGGRESSIVE;
				GCC_WARN_UNUSED_FUNCTION = YES;
				GCC_WARN_UNUSED_VARIABLE = YES;
				IPHONEOS_DEPLOYMENT_TARGET = 10.3;
				MTL_ENABLE_DEBUG_INFO = NO;
				SDKROOT = iphoneos;
				SWIFT_OPTIMIZATION_LEVEL = "-Owholemodule";
				TARGETED_DEVICE_FAMILY = "1,2";
				VALIDATE_PRODUCT = YES;
			};
			name = Release;
		};
		F0DB423A1F1D4775000EF145 /* Debug */ = {
			isa = XCBuildConfiguration;
			buildSettings = {
				ASSETCATALOG_COMPILER_APPICON_NAME = AppIcon;
				DEVELOPMENT_TEAM = P877U5SDZ6;
				INFOPLIST_FILE = TapIn/Info.plist;
				LD_RUNPATH_SEARCH_PATHS = "$(inherited) @executable_path/Frameworks";
				PRODUCT_BUNDLE_IDENTIFIER = JamesDaubert.TapIn;
				PRODUCT_NAME = "$(TARGET_NAME)";
				SWIFT_VERSION = 3.0;
			};
			name = Debug;
		};
		F0DB423B1F1D4775000EF145 /* Release */ = {
			isa = XCBuildConfiguration;
			buildSettings = {
				ASSETCATALOG_COMPILER_APPICON_NAME = AppIcon;
				DEVELOPMENT_TEAM = P877U5SDZ6;
				INFOPLIST_FILE = TapIn/Info.plist;
				LD_RUNPATH_SEARCH_PATHS = "$(inherited) @executable_path/Frameworks";
				PRODUCT_BUNDLE_IDENTIFIER = JamesDaubert.TapIn;
				PRODUCT_NAME = "$(TARGET_NAME)";
				SWIFT_VERSION = 3.0;
			};
			name = Release;
		};
/* End XCBuildConfiguration section */

/* Begin XCConfigurationList section */
		F0DB42221F1D4775000EF145 /* Build configuration list for PBXProject "TapIn" */ = {
			isa = XCConfigurationList;
			buildConfigurations = (
				F0DB42371F1D4775000EF145 /* Debug */,
				F0DB42381F1D4775000EF145 /* Release */,
			);
			defaultConfigurationIsVisible = 0;
			defaultConfigurationName = Release;
		};
		F0DB42391F1D4775000EF145 /* Build configuration list for PBXNativeTarget "TapIn" */ = {
			isa = XCConfigurationList;
			buildConfigurations = (
				F0DB423A1F1D4775000EF145 /* Debug */,
				F0DB423B1F1D4775000EF145 /* Release */,
			);
			defaultConfigurationIsVisible = 0;
		};
/* End XCConfigurationList section */
	};
	rootObject = F0DB421F1F1D4775000EF145 /* Project object */;
}
